// !$*UTF8*$!
{
	archiveVersion = 1;
	classes = {
	};
	objectVersion = 50;
	objects = {

/* Begin PBXBuildFile section */
		B40E765525B0AAC3000F242B /* UIColor+RGBA.swift in Sources */ = {isa = PBXBuildFile; fileRef = B40E765425B0AAC3000F242B /* UIColor+RGBA.swift */; };
		B47648CB259EFBC10036F0CA /* MemorizeApp.swift in Sources */ = {isa = PBXBuildFile; fileRef = B47648CA259EFBC10036F0CA /* MemorizeApp.swift */; };
		B47648CD259EFBC10036F0CA /* EmojiMemoryGameView.swift in Sources */ = {isa = PBXBuildFile; fileRef = B47648CC259EFBC10036F0CA /* EmojiMemoryGameView.swift */; };
		B47648CF259EFBC20036F0CA /* Assets.xcassets in Resources */ = {isa = PBXBuildFile; fileRef = B47648CE259EFBC20036F0CA /* Assets.xcassets */; };
		B47648D2259EFBC20036F0CA /* Preview Assets.xcassets in Resources */ = {isa = PBXBuildFile; fileRef = B47648D1259EFBC20036F0CA /* Preview Assets.xcassets */; };
		B47648DB259EFEC70036F0CA /* MemoryGame.swift in Sources */ = {isa = PBXBuildFile; fileRef = B47648DA259EFEC60036F0CA /* MemoryGame.swift */; };
		B47648DE259EFF660036F0CA /* EmojiMemoryGame.swift in Sources */ = {isa = PBXBuildFile; fileRef = B47648DD259EFF660036F0CA /* EmojiMemoryGame.swift */; };
		B47648E525A451D10036F0CA /* Grid.swift in Sources */ = {isa = PBXBuildFile; fileRef = B47648E425A451D10036F0CA /* Grid.swift */; };
		B47648E825A456060036F0CA /* GridLayout.swift in Sources */ = {isa = PBXBuildFile; fileRef = B47648E725A456060036F0CA /* GridLayout.swift */; };
		B47648EB25A4598A0036F0CA /* Array+Identifiable.swift in Sources */ = {isa = PBXBuildFile; fileRef = B47648EA25A4598A0036F0CA /* Array+Identifiable.swift */; };
		B47648F025A45FD80036F0CA /* Array+Only.swift in Sources */ = {isa = PBXBuildFile; fileRef = B47648EF25A45FD80036F0CA /* Array+Only.swift */; };
		B47648FA25A5C8230036F0CA /* Cardify.swift in Sources */ = {isa = PBXBuildFile; fileRef = B47648F925A5C8230036F0CA /* Cardify.swift */; };
		B47648FD25A5C96E0036F0CA /* Pie.swift in Sources */ = {isa = PBXBuildFile; fileRef = B47648FC25A5C96E0036F0CA /* Pie.swift */; };
		B4A4A48225BC7BBF00F4734E /* EmojiMemoryGameChooserView.swift in Sources */ = {isa = PBXBuildFile; fileRef = B4A4A48125BC7BBF00F4734E /* EmojiMemoryGameChooserView.swift */; };
		B4A4A48A25BD2B8200F4734E /* EmojiMemoryGameStore.swift in Sources */ = {isa = PBXBuildFile; fileRef = B4A4A48925BD2B8200F4734E /* EmojiMemoryGameStore.swift */; };
/* End PBXBuildFile section */

/* Begin PBXFileReference section */
		B40E765425B0AAC3000F242B /* UIColor+RGBA.swift */ = {isa = PBXFileReference; lastKnownFileType = sourcecode.swift; path = "UIColor+RGBA.swift"; sourceTree = "<group>"; };
		B47648C7259EFBC10036F0CA /* Memorize.app */ = {isa = PBXFileReference; explicitFileType = wrapper.application; includeInIndex = 0; path = Memorize.app; sourceTree = BUILT_PRODUCTS_DIR; };
		B47648CA259EFBC10036F0CA /* MemorizeApp.swift */ = {isa = PBXFileReference; lastKnownFileType = sourcecode.swift; path = MemorizeApp.swift; sourceTree = "<group>"; };
		B47648CC259EFBC10036F0CA /* EmojiMemoryGameView.swift */ = {isa = PBXFileReference; lastKnownFileType = sourcecode.swift; path = EmojiMemoryGameView.swift; sourceTree = "<group>"; };
		B47648CE259EFBC20036F0CA /* Assets.xcassets */ = {isa = PBXFileReference; lastKnownFileType = folder.assetcatalog; path = Assets.xcassets; sourceTree = "<group>"; };
		B47648D1259EFBC20036F0CA /* Preview Assets.xcassets */ = {isa = PBXFileReference; lastKnownFileType = folder.assetcatalog; path = "Preview Assets.xcassets"; sourceTree = "<group>"; };
		B47648D3259EFBC20036F0CA /* Info.plist */ = {isa = PBXFileReference; lastKnownFileType = text.plist.xml; path = Info.plist; sourceTree = "<group>"; };
		B47648DA259EFEC60036F0CA /* MemoryGame.swift */ = {isa = PBXFileReference; lastKnownFileType = sourcecode.swift; path = MemoryGame.swift; sourceTree = "<group>"; };
		B47648DD259EFF660036F0CA /* EmojiMemoryGame.swift */ = {isa = PBXFileReference; lastKnownFileType = sourcecode.swift; path = EmojiMemoryGame.swift; sourceTree = "<group>"; };
		B47648E425A451D10036F0CA /* Grid.swift */ = {isa = PBXFileReference; lastKnownFileType = sourcecode.swift; path = Grid.swift; sourceTree = "<group>"; };
		B47648E725A456060036F0CA /* GridLayout.swift */ = {isa = PBXFileReference; fileEncoding = 4; lastKnownFileType = sourcecode.swift; path = GridLayout.swift; sourceTree = "<group>"; };
		B47648EA25A4598A0036F0CA /* Array+Identifiable.swift */ = {isa = PBXFileReference; lastKnownFileType = sourcecode.swift; path = "Array+Identifiable.swift"; sourceTree = "<group>"; };
		B47648EF25A45FD80036F0CA /* Array+Only.swift */ = {isa = PBXFileReference; lastKnownFileType = sourcecode.swift; path = "Array+Only.swift"; sourceTree = "<group>"; };
		B47648F925A5C8230036F0CA /* Cardify.swift */ = {isa = PBXFileReference; lastKnownFileType = sourcecode.swift; path = Cardify.swift; sourceTree = "<group>"; };
		B47648FC25A5C96E0036F0CA /* Pie.swift */ = {isa = PBXFileReference; lastKnownFileType = sourcecode.swift; path = Pie.swift; sourceTree = "<group>"; };
		B4A4A48125BC7BBF00F4734E /* EmojiMemoryGameChooserView.swift */ = {isa = PBXFileReference; lastKnownFileType = sourcecode.swift; path = EmojiMemoryGameChooserView.swift; sourceTree = "<group>"; };
		B4A4A48925BD2B8200F4734E /* EmojiMemoryGameStore.swift */ = {isa = PBXFileReference; lastKnownFileType = sourcecode.swift; path = EmojiMemoryGameStore.swift; sourceTree = "<group>"; };
/* End PBXFileReference section */

/* Begin PBXFrameworksBuildPhase section */
		B47648C4259EFBC10036F0CA /* Frameworks */ = {
			isa = PBXFrameworksBuildPhase;
			buildActionMask = 2147483647;
			files = (
			);
			runOnlyForDeploymentPostprocessing = 0;
		};
/* End PBXFrameworksBuildPhase section */

/* Begin PBXGroup section */
		B47648BE259EFBC10036F0CA = {
			isa = PBXGroup;
			children = (
				B47648C9259EFBC10036F0CA /* Memorize */,
				B47648C8259EFBC10036F0CA /* Products */,
			);
			sourceTree = "<group>";
		};
		B47648C8259EFBC10036F0CA /* Products */ = {
			isa = PBXGroup;
			children = (
				B47648C7259EFBC10036F0CA /* Memorize.app */,
			);
			name = Products;
			sourceTree = "<group>";
		};
		B47648C9259EFBC10036F0CA /* Memorize */ = {
			isa = PBXGroup;
			children = (
				B47648CA259EFBC10036F0CA /* MemorizeApp.swift */,
				B47648DD259EFF660036F0CA /* EmojiMemoryGame.swift */,
				B4A4A48925BD2B8200F4734E /* EmojiMemoryGameStore.swift */,
				B47648CC259EFBC10036F0CA /* EmojiMemoryGameView.swift */,
				B4A4A48125BC7BBF00F4734E /* EmojiMemoryGameChooserView.swift */,
				B47648FC25A5C96E0036F0CA /* Pie.swift */,
				B47648F925A5C8230036F0CA /* Cardify.swift */,
				B47648E425A451D10036F0CA /* Grid.swift */,
				B47648DA259EFEC60036F0CA /* MemoryGame.swift */,
				B40E765425B0AAC3000F242B /* UIColor+RGBA.swift */,
				B47648EA25A4598A0036F0CA /* Array+Identifiable.swift */,
				B47648EF25A45FD80036F0CA /* Array+Only.swift */,
				B47648E725A456060036F0CA /* GridLayout.swift */,
				B47648CE259EFBC20036F0CA /* Assets.xcassets */,
				B47648D3259EFBC20036F0CA /* Info.plist */,
				B47648D0259EFBC20036F0CA /* Preview Content */,
			);
			path = Memorize;
			sourceTree = "<group>";
		};
		B47648D0259EFBC20036F0CA /* Preview Content */ = {
			isa = PBXGroup;
			children = (
				B47648D1259EFBC20036F0CA /* Preview Assets.xcassets */,
			);
			path = "Preview Content";
			sourceTree = "<group>";
		};
/* End PBXGroup section */

/* Begin PBXNativeTarget section */
		B47648C6259EFBC10036F0CA /* Memorize */ = {
			isa = PBXNativeTarget;
			buildConfigurationList = B47648D6259EFBC20036F0CA /* Build configuration list for PBXNativeTarget "Memorize" */;
			buildPhases = (
				B47648C3259EFBC10036F0CA /* Sources */,
				B47648C4259EFBC10036F0CA /* Frameworks */,
				B47648C5259EFBC10036F0CA /* Resources */,
			);
			buildRules = (
			);
			dependencies = (
			);
			name = Memorize;
			productName = Memorize;
			productReference = B47648C7259EFBC10036F0CA /* Memorize.app */;
			productType = "com.apple.product-type.application";
		};
/* End PBXNativeTarget section */

/* Begin PBXProject section */
		B47648BF259EFBC10036F0CA /* Project object */ = {
			isa = PBXProject;
			attributes = {
				LastSwiftUpdateCheck = 1230;
				LastUpgradeCheck = 1230;
				TargetAttributes = {
					B47648C6259EFBC10036F0CA = {
						CreatedOnToolsVersion = 12.3;
					};
				};
			};
			buildConfigurationList = B47648C2259EFBC10036F0CA /* Build configuration list for PBXProject "Memorize" */;
			compatibilityVersion = "Xcode 9.3";
			developmentRegion = en;
			hasScannedForEncodings = 0;
			knownRegions = (
				en,
				Base,
			);
			mainGroup = B47648BE259EFBC10036F0CA;
			productRefGroup = B47648C8259EFBC10036F0CA /* Products */;
			projectDirPath = "";
			projectRoot = "";
			targets = (
				B47648C6259EFBC10036F0CA /* Memorize */,
			);
		};
/* End PBXProject section */

/* Begin PBXResourcesBuildPhase section */
		B47648C5259EFBC10036F0CA /* Resources */ = {
			isa = PBXResourcesBuildPhase;
			buildActionMask = 2147483647;
			files = (
				B47648D2259EFBC20036F0CA /* Preview Assets.xcassets in Resources */,
				B47648CF259EFBC20036F0CA /* Assets.xcassets in Resources */,
			);
			runOnlyForDeploymentPostprocessing = 0;
		};
/* End PBXResourcesBuildPhase section */

/* Begin PBXSourcesBuildPhase section */
		B47648C3259EFBC10036F0CA /* Sources */ = {
			isa = PBXSourcesBuildPhase;
			buildActionMask = 2147483647;
			files = (
				B47648FD25A5C96E0036F0CA /* Pie.swift in Sources */,
				B47648DB259EFEC70036F0CA /* MemoryGame.swift in Sources */,
				B47648CD259EFBC10036F0CA /* EmojiMemoryGameView.swift in Sources */,
				B40E765525B0AAC3000F242B /* UIColor+RGBA.swift in Sources */,
				B47648CB259EFBC10036F0CA /* MemorizeApp.swift in Sources */,
				B47648FA25A5C8230036F0CA /* Cardify.swift in Sources */,
				B47648E825A456060036F0CA /* GridLayout.swift in Sources */,
				B47648E525A451D10036F0CA /* Grid.swift in Sources */,
				B4A4A48A25BD2B8200F4734E /* EmojiMemoryGameStore.swift in Sources */,
				B4A4A48225BC7BBF00F4734E /* EmojiMemoryGameChooserView.swift in Sources */,
				B47648EB25A4598A0036F0CA /* Array+Identifiable.swift in Sources */,
				B47648DE259EFF660036F0CA /* EmojiMemoryGame.swift in Sources */,
				B47648F025A45FD80036F0CA /* Array+Only.swift in Sources */,
			);
			runOnlyForDeploymentPostprocessing = 0;
		};
/* End PBXSourcesBuildPhase section */

/* Begin XCBuildConfiguration section */
		B47648D4259EFBC20036F0CA /* Debug */ = {
			isa = XCBuildConfiguration;
			buildSettings = {
				ALWAYS_SEARCH_USER_PATHS = NO;
				CLANG_ANALYZER_NONNULL = YES;
				CLANG_ANALYZER_NUMBER_OBJECT_CONVERSION = YES_AGGRESSIVE;
				CLANG_CXX_LANGUAGE_STANDARD = "gnu++14";
				CLANG_CXX_LIBRARY = "libc++";
				CLANG_ENABLE_MODULES = YES;
				CLANG_ENABLE_OBJC_ARC = YES;
				CLANG_ENABLE_OBJC_WEAK = YES;
				CLANG_WARN_BLOCK_CAPTURE_AUTORELEASING = YES;
				CLANG_WARN_BOOL_CONVERSION = YES;
				CLANG_WARN_COMMA = YES;
				CLANG_WARN_CONSTANT_CONVERSION = YES;
				CLANG_WARN_DEPRECATED_OBJC_IMPLEMENTATIONS = YES;
				CLANG_WARN_DIRECT_OBJC_ISA_USAGE = YES_ERROR;
				CLANG_WARN_DOCUMENTATION_COMMENTS = YES;
				CLANG_WARN_EMPTY_BODY = YES;
				CLANG_WARN_ENUM_CONVERSION = YES;
				CLANG_WARN_INFINITE_RECURSION = YES;
				CLANG_WARN_INT_CONVERSION = YES;
				CLANG_WARN_NON_LITERAL_NULL_CONVERSION = YES;
				CLANG_WARN_OBJC_IMPLICIT_RETAIN_SELF = YES;
				CLANG_WARN_OBJC_LITERAL_CONVERSION = YES;
				CLANG_WARN_OBJC_ROOT_CLASS = YES_ERROR;
				CLANG_WARN_QUOTED_INCLUDE_IN_FRAMEWORK_HEADER = YES;
				CLANG_WARN_RANGE_LOOP_ANALYSIS = YES;
				CLANG_WARN_STRICT_PROTOTYPES = YES;
				CLANG_WARN_SUSPICIOUS_MOVE = YES;
				CLANG_WARN_UNGUARDED_AVAILABILITY = YES_AGGRESSIVE;
				CLANG_WARN_UNREACHABLE_CODE = YES;
				CLANG_WARN__DUPLICATE_METHOD_MATCH = YES;
				COPY_PHASE_STRIP = NO;
				DEBUG_INFORMATION_FORMAT = dwarf;
				ENABLE_STRICT_OBJC_MSGSEND = YES;
				ENABLE_TESTABILITY = YES;
				GCC_C_LANGUAGE_STANDARD = gnu11;
				GCC_DYNAMIC_NO_PIC = NO;
				GCC_NO_COMMON_BLOCKS = YES;
				GCC_OPTIMIZATION_LEVEL = 0;
				GCC_PREPROCESSOR_DEFINITIONS = (
					"DEBUG=1",
					"$(inherited)",
				);
				GCC_WARN_64_TO_32_BIT_CONVERSION = YES;
				GCC_WARN_ABOUT_RETURN_TYPE = YES_ERROR;
				GCC_WARN_UNDECLARED_SELECTOR = YES;
				GCC_WARN_UNINITIALIZED_AUTOS = YES_AGGRESSIVE;
				GCC_WARN_UNUSED_FUNCTION = YES;
				GCC_WARN_UNUSED_VARIABLE = YES;
				IPHONEOS_DEPLOYMENT_TARGET = 14.3;
				MTL_ENABLE_DEBUG_INFO = INCLUDE_SOURCE;
				MTL_FAST_MATH = YES;
				ONLY_ACTIVE_ARCH = YES;
				SDKROOT = iphoneos;
				SWIFT_ACTIVE_COMPILATION_CONDITIONS = DEBUG;
				SWIFT_OPTIMIZATION_LEVEL = "-Onone";
			};
			name = Debug;
		};
		B47648D5259EFBC20036F0CA /* Release */ = {
			isa = XCBuildConfiguration;
			buildSettings = {
				ALWAYS_SEARCH_USER_PATHS = NO;
				CLANG_ANALYZER_NONNULL = YES;
				CLANG_ANALYZER_NUMBER_OBJECT_CONVERSION = YES_AGGRESSIVE;
				CLANG_CXX_LANGUAGE_STANDARD = "gnu++14";
				CLANG_CXX_LIBRARY = "libc++";
				CLANG_ENABLE_MODULES = YES;
				CLANG_ENABLE_OBJC_ARC = YES;
				CLANG_ENABLE_OBJC_WEAK = YES;
				CLANG_WARN_BLOCK_CAPTURE_AUTORELEASING = YES;
				CLANG_WARN_BOOL_CONVERSION = YES;
				CLANG_WARN_COMMA = YES;
				CLANG_WARN_CONSTANT_CONVERSION = YES;
				CLANG_WARN_DEPRECATED_OBJC_IMPLEMENTATIONS = YES;
				CLANG_WARN_DIRECT_OBJC_ISA_USAGE = YES_ERROR;
				CLANG_WARN_DOCUMENTATION_COMMENTS = YES;
				CLANG_WARN_EMPTY_BODY = YES;
				CLANG_WARN_ENUM_CONVERSION = YES;
				CLANG_WARN_INFINITE_RECURSION = YES;
				CLANG_WARN_INT_CONVERSION = YES;
				CLANG_WARN_NON_LITERAL_NULL_CONVERSION = YES;
				CLANG_WARN_OBJC_IMPLICIT_RETAIN_SELF = YES;
				CLANG_WARN_OBJC_LITERAL_CONVERSION = YES;
				CLANG_WARN_OBJC_ROOT_CLASS = YES_ERROR;
				CLANG_WARN_QUOTED_INCLUDE_IN_FRAMEWORK_HEADER = YES;
				CLANG_WARN_RANGE_LOOP_ANALYSIS = YES;
				CLANG_WARN_STRICT_PROTOTYPES = YES;
				CLANG_WARN_SUSPICIOUS_MOVE = YES;
				CLANG_WARN_UNGUARDED_AVAILABILITY = YES_AGGRESSIVE;
				CLANG_WARN_UNREACHABLE_CODE = YES;
				CLANG_WARN__DUPLICATE_METHOD_MATCH = YES;
				COPY_PHASE_STRIP = NO;
				DEBUG_INFORMATION_FORMAT = "dwarf-with-dsym";
				ENABLE_NS_ASSERTIONS = NO;
				ENABLE_STRICT_OBJC_MSGSEND = YES;
				GCC_C_LANGUAGE_STANDARD = gnu11;
				GCC_NO_COMMON_BLOCKS = YES;
				GCC_WARN_64_TO_32_BIT_CONVERSION = YES;
				GCC_WARN_ABOUT_RETURN_TYPE = YES_ERROR;
				GCC_WARN_UNDECLARED_SELECTOR = YES;
				GCC_WARN_UNINITIALIZED_AUTOS = YES_AGGRESSIVE;
				GCC_WARN_UNUSED_FUNCTION = YES;
				GCC_WARN_UNUSED_VARIABLE = YES;
				IPHONEOS_DEPLOYMENT_TARGET = 14.3;
				MTL_ENABLE_DEBUG_INFO = NO;
				MTL_FAST_MATH = YES;
				SDKROOT = iphoneos;
				SWIFT_COMPILATION_MODE = wholemodule;
				SWIFT_OPTIMIZATION_LEVEL = "-O";
				VALIDATE_PRODUCT = YES;
			};
			name = Release;
		};
		B47648D7259EFBC20036F0CA /* Debug */ = {
			isa = XCBuildConfiguration;
			buildSettings = {
				ASSETCATALOG_COMPILER_APPICON_NAME = AppIcon;
				ASSETCATALOG_COMPILER_GLOBAL_ACCENT_COLOR_NAME = AccentColor;
				CODE_SIGN_STYLE = Automatic;
				DEVELOPMENT_ASSET_PATHS = "\"Memorize/Preview Content\"";
				DEVELOPMENT_TEAM = 6VJYHQVG2L;
				ENABLE_PREVIEWS = YES;
				INFOPLIST_FILE = Memorize/Info.plist;
				IPHONEOS_DEPLOYMENT_TARGET = 14.0;
				LD_RUNPATH_SEARCH_PATHS = (
					"$(inherited)",
					"@executable_path/Frameworks",
				);
				PRODUCT_BUNDLE_IDENTIFIER = com.minhoChoi.snu.ac.kr.Memorize;
				PRODUCT_NAME = "$(TARGET_NAME)";
				SWIFT_VERSION = 5.0;
				TARGETED_DEVICE_FAMILY = "1,2";
			};
			name = Debug;
		};
		B47648D8259EFBC20036F0CA /* Release */ = {
			isa = XCBuildConfiguration;
			buildSettings = {
				ASSETCATALOG_COMPILER_APPICON_NAME = AppIcon;
				ASSETCATALOG_COMPILER_GLOBAL_ACCENT_COLOR_NAME = AccentColor;
				CODE_SIGN_STYLE = Automatic;
				DEVELOPMENT_ASSET_PATHS = "\"Memorize/Preview Content\"";
				DEVELOPMENT_TEAM = 6VJYHQVG2L;
				ENABLE_PREVIEWS = YES;
				INFOPLIST_FILE = Memorize/Info.plist;
				IPHONEOS_DEPLOYMENT_TARGET = 14.0;
				LD_RUNPATH_SEARCH_PATHS = (
					"$(inherited)",
					"@executable_path/Frameworks",
				);
				PRODUCT_BUNDLE_IDENTIFIER = com.minhoChoi.snu.ac.kr.Memorize;
				PRODUCT_NAME = "$(TARGET_NAME)";
				SWIFT_VERSION = 5.0;
				TARGETED_DEVICE_FAMILY = "1,2";
			};
			name = Release;
		};
/* End XCBuildConfiguration section */

/* Begin XCConfigurationList section */
		B47648C2259EFBC10036F0CA /* Build configuration list for PBXProject "Memorize" */ = {
			isa = XCConfigurationList;
			buildConfigurations = (
				B47648D4259EFBC20036F0CA /* Debug */,
				B47648D5259EFBC20036F0CA /* Release */,
			);
			defaultConfigurationIsVisible = 0;
			defaultConfigurationName = Release;
		};
		B47648D6259EFBC20036F0CA /* Build configuration list for PBXNativeTarget "Memorize" */ = {
			isa = XCConfigurationList;
			buildConfigurations = (
				B47648D7259EFBC20036F0CA /* Debug */,
				B47648D8259EFBC20036F0CA /* Release */,
			);
			defaultConfigurationIsVisible = 0;
			defaultConfigurationName = Release;
		};
/* End XCConfigurationList section */
	};
	rootObject = B47648BF259EFBC10036F0CA /* Project object */;
}
